
Microsoft Visual Studio Solution File, Format Version 12.00
# Visual Studio Version 17
VisualStudioVersion = 17.2.32616.157
MinimumVisualStudioVersion = 10.0.40219.1
Project("{FAE04EC0-301F-11D3-BF4B-00C04F79EFBC}") = "Biblioteka", "Biblioteka.csproj", "{D2D8AB22-EB50-4226-B30B-16EF8AE706B8}"
EndProject
Global
	GlobalSection(SolutionConfigurationPlatforms) = preSolution
		Debug|Any CPU = Debug|Any CPU
		Release|Any CPU = Release|Any CPU
	EndGlobalSection
	GlobalSection(ProjectConfigurationPlatforms) = postSolution
		{D2D8AB22-EB50-4226-B30B-16EF8AE706B8}.Debug|Any CPU.ActiveCfg = Debug|Any CPU
		{D2D8AB22-EB50-4226-B30B-16EF8AE706B8}.Debug|Any CPU.Build.0 = Debug|Any CPU
		{D2D8AB22-EB50-4226-B30B-16EF8AE706B8}.Release|Any CPU.ActiveCfg = Release|Any CPU
		{D2D8AB22-EB50-4226-B30B-16EF8AE706B8}.Release|Any CPU.Build.0 = Release|Any CPU
	EndGlobalSection
	GlobalSection(SolutionProperties) = preSolution
		HideSolutionNode = FALSE
	EndGlobalSection
	GlobalSection(ExtensibilityGlobals) = postSolution
		SolutionGuid = {A73BA4C5-363F-464D-B62B-F5043C7802F1}
	EndGlobalSection
EndGlobal
